
Microsoft Visual Studio Solution File, Format Version 9.00
# Visual Studio 2005
Project("{8BC9CEB8-8B4A-11D0-8D11-00A0C91BC942}") = "WinRun4J", "build\WinRun4J.vcproj", "{B3EC7585-646E-4D0D-850E-8CD6FADB323D}"
EndProject
Project("{8BC9CEB8-8B4A-11D0-8D11-00A0C91BC942}") = "ExcelAddin4J", "build\ExcelAddin4J.vcproj", "{E893B191-8498-45E8-B866-555E1F874468}"
EndProject
Project("{8BC9CEB8-8B4A-11D0-8D11-00A0C91BC942}") = "JNIClient", "build\JNIClient.vcproj", "{132BBEB1-6F96-4F91-885F-F7828B97EC0B}"
EndProject
Project("{8BC9CEB8-8B4A-11D0-8D11-00A0C91BC942}") = "JNIServer", "build\JNIServer.vcproj", "{52FD9A87-2C65-45D2-82D6-A5B09384AE7D}"
EndProject
Project("{8BC9CEB8-8B4A-11D0-8D11-00A0C91BC942}") = "JNITest", "build\JNITest.vcproj", "{56591922-6BB0-4561-A246-5912EA3127CE}"
EndProject
Global
	GlobalSection(SolutionConfigurationPlatforms) = preSolution
		Debug|Win32 = Debug|Win32
		Debug|x64 = Debug|x64
		Debug-Console|Win32 = Debug-Console|Win32
		Debug-Console|x64 = Debug-Console|x64
		Release|Win32 = Release|Win32
		Release|x64 = Release|x64
		Release64|Win32 = Release64|Win32
		Release64|x64 = Release64|x64
		Release-Console|Win32 = Release-Console|Win32
		Release-Console|x64 = Release-Console|x64
	EndGlobalSection
	GlobalSection(ProjectConfigurationPlatforms) = postSolution
		{B3EC7585-646E-4D0D-850E-8CD6FADB323D}.Debug|Win32.ActiveCfg = Debug|Win32
		{B3EC7585-646E-4D0D-850E-8CD6FADB323D}.Debug|x64.ActiveCfg = Release64|x64
		{B3EC7585-646E-4D0D-850E-8CD6FADB323D}.Debug|x64.Build.0 = Release64|x64
		{B3EC7585-646E-4D0D-850E-8CD6FADB323D}.Debug-Console|Win32.ActiveCfg = Debug - Console|Win32
		{B3EC7585-646E-4D0D-850E-8CD6FADB323D}.Debug-Console|Win32.Build.0 = Debug - Console|Win32
		{B3EC7585-646E-4D0D-850E-8CD6FADB323D}.Debug-Console|x64.ActiveCfg = Debug - Console|x64
		{B3EC7585-646E-4D0D-850E-8CD6FADB323D}.Debug-Console|x64.Build.0 = Debug - Console|x64
		{B3EC7585-646E-4D0D-850E-8CD6FADB323D}.Release|Win32.ActiveCfg = Release|Win32
		{B3EC7585-646E-4D0D-850E-8CD6FADB323D}.Release|x64.ActiveCfg = Release|x64
		{B3EC7585-646E-4D0D-850E-8CD6FADB323D}.Release|x64.Build.0 = Release|x64
		{B3EC7585-646E-4D0D-850E-8CD6FADB323D}.Release64|Win32.ActiveCfg = Release64|Win32
		{B3EC7585-646E-4D0D-850E-8CD6FADB323D}.Release64|Win32.Build.0 = Release64|Win32
		{B3EC7585-646E-4D0D-850E-8CD6FADB323D}.Release64|x64.ActiveCfg = Debug|Win32
		{B3EC7585-646E-4D0D-850E-8CD6FADB323D}.Release64|x64.Build.0 = Debug|Win32
		{B3EC7585-646E-4D0D-850E-8CD6FADB323D}.Release-Console|Win32.ActiveCfg = Debug|Win32
		{B3EC7585-646E-4D0D-850E-8CD6FADB323D}.Release-Console|Win32.Build.0 = Debug|Win32
		{B3EC7585-646E-4D0D-850E-8CD6FADB323D}.Release-Console|x64.ActiveCfg = Release64|x64
		{B3EC7585-646E-4D0D-850E-8CD6FADB323D}.Release-Console|x64.Build.0 = Release64|x64
		{E893B191-8498-45E8-B866-555E1F874468}.Debug|Win32.ActiveCfg = Debug|Win32
		{E893B191-8498-45E8-B866-555E1F874468}.Debug|x64.ActiveCfg = Debug|Win32
		{E893B191-8498-45E8-B866-555E1F874468}.Debug-Console|Win32.ActiveCfg = Debug|Win32
		{E893B191-8498-45E8-B866-555E1F874468}.Debug-Console|x64.ActiveCfg = Debug|Win32
		{E893B191-8498-45E8-B866-555E1F874468}.Release|Win32.ActiveCfg = Release|Win32
		{E893B191-8498-45E8-B866-555E1F874468}.Release|Win32.Build.0 = Release|Win32
		{E893B191-8498-45E8-B866-555E1F874468}.Release|x64.ActiveCfg = Release|Win32
		{E893B191-8498-45E8-B866-555E1F874468}.Release64|Win32.ActiveCfg = Release64|Win32
		{E893B191-8498-45E8-B866-555E1F874468}.Release64|Win32.Build.0 = Release64|Win32
		{E893B191-8498-45E8-B866-555E1F874468}.Release64|x64.ActiveCfg = Debug|Win32
		{E893B191-8498-45E8-B866-555E1F874468}.Release-Console|Win32.ActiveCfg = Release|Win32
		{E893B191-8498-45E8-B866-555E1F874468}.Release-Console|Win32.Build.0 = Release|Win32
		{E893B191-8498-45E8-B866-555E1F874468}.Release-Console|x64.ActiveCfg = Release64|Win32
		{132BBEB1-6F96-4F91-885F-F7828B97EC0B}.Debug|Win32.ActiveCfg = Debug|Win32
		{132BBEB1-6F96-4F91-885F-F7828B97EC0B}.Debug|Win32.Build.0 = Debug|Win32
		{132BBEB1-6F96-4F91-885F-F7828B97EC0B}.Debug|x64.ActiveCfg = Debug|Win32
		{132BBEB1-6F96-4F91-885F-F7828B97EC0B}.Debug-Console|Win32.ActiveCfg = Debug|Win32
		{132BBEB1-6F96-4F91-885F-F7828B97EC0B}.Debug-Console|Win32.Build.0 = Debug|Win32
		{132BBEB1-6F96-4F91-885F-F7828B97EC0B}.Debug-Console|x64.ActiveCfg = Debug|Win32
		{132BBEB1-6F96-4F91-885F-F7828B97EC0B}.Release|Win32.ActiveCfg = Release|Win32
		{132BBEB1-6F96-4F91-885F-F7828B97EC0B}.Release|Win32.Build.0 = Release|Win32
		{132BBEB1-6F96-4F91-885F-F7828B97EC0B}.Release|x64.ActiveCfg = Release|Win32
		{132BBEB1-6F96-4F91-885F-F7828B97EC0B}.Release64|Win32.ActiveCfg = Release|Win32
		{132BBEB1-6F96-4F91-885F-F7828B97EC0B}.Release64|Win32.Build.0 = Release|Win32
		{132BBEB1-6F96-4F91-885F-F7828B97EC0B}.Release64|x64.ActiveCfg = Release|Win32
		{132BBEB1-6F96-4F91-885F-F7828B97EC0B}.Release-Console|Win32.ActiveCfg = Release|Win32
		{132BBEB1-6F96-4F91-885F-F7828B97EC0B}.Release-Console|Win32.Build.0 = Release|Win32
		{132BBEB1-6F96-4F91-885F-F7828B97EC0B}.Release-Console|x64.ActiveCfg = Release|Win32
		{52FD9A87-2C65-45D2-82D6-A5B09384AE7D}.Debug|Win32.ActiveCfg = Debug|Win32
		{52FD9A87-2C65-45D2-82D6-A5B09384AE7D}.Debug|Win32.Build.0 = Debug|Win32
		{52FD9A87-2C65-45D2-82D6-A5B09384AE7D}.Debug|x64.ActiveCfg = Debug|Win32
		{52FD9A87-2C65-45D2-82D6-A5B09384AE7D}.Debug-Console|Win32.ActiveCfg = Debug|Win32
		{52FD9A87-2C65-45D2-82D6-A5B09384AE7D}.Debug-Console|Win32.Build.0 = Debug|Win32
		{52FD9A87-2C65-45D2-82D6-A5B09384AE7D}.Debug-Console|x64.ActiveCfg = Debug|Win32
		{52FD9A87-2C65-45D2-82D6-A5B09384AE7D}.Release|Win32.ActiveCfg = Release|Win32
		{52FD9A87-2C65-45D2-82D6-A5B09384AE7D}.Release|Win32.Build.0 = Release|Win32
		{52FD9A87-2C65-45D2-82D6-A5B09384AE7D}.Release|x64.ActiveCfg = Release|Win32
		{52FD9A87-2C65-45D2-82D6-A5B09384AE7D}.Release64|Win32.ActiveCfg = Release|Win32
		{52FD9A87-2C65-45D2-82D6-A5B09384AE7D}.Release64|Win32.Build.0 = Release|Win32
		{52FD9A87-2C65-45D2-82D6-A5B09384AE7D}.Release64|x64.ActiveCfg = Release|Win32
		{52FD9A87-2C65-45D2-82D6-A5B09384AE7D}.Release-Console|Win32.ActiveCfg = Release|Win32
		{52FD9A87-2C65-45D2-82D6-A5B09384AE7D}.Release-Console|Win32.Build.0 = Release|Win32
		{52FD9A87-2C65-45D2-82D6-A5B09384AE7D}.Release-Console|x64.ActiveCfg = Release|Win32
		{56591922-6BB0-4561-A246-5912EA3127CE}.Debug|Win32.ActiveCfg = Debug|Win32
		{56591922-6BB0-4561-A246-5912EA3127CE}.Debug|Win32.Build.0 = Debug|Win32
		{56591922-6BB0-4561-A246-5912EA3127CE}.Debug|x64.ActiveCfg = Debug|Win32
		{56591922-6BB0-4561-A246-5912EA3127CE}.Debug-Console|Win32.ActiveCfg = Debug|Win32
		{56591922-6BB0-4561-A246-5912EA3127CE}.Debug-Console|Win32.Build.0 = Debug|Win32
		{56591922-6BB0-4561-A246-5912EA3127CE}.Debug-Console|x64.ActiveCfg = Debug|Win32
		{56591922-6BB0-4561-A246-5912EA3127CE}.Release|Win32.ActiveCfg = Release|Win32
		{56591922-6BB0-4561-A246-5912EA3127CE}.Release|Win32.Build.0 = Release|Win32
		{56591922-6BB0-4561-A246-5912EA3127CE}.Release|x64.ActiveCfg = Release|Win32
		{56591922-6BB0-4561-A246-5912EA3127CE}.Release64|Win32.ActiveCfg = Release|Win32
		{56591922-6BB0-4561-A246-5912EA3127CE}.Release64|Win32.Build.0 = Release|Win32
		{56591922-6BB0-4561-A246-5912EA3127CE}.Release64|x64.ActiveCfg = Release|Win32
		{56591922-6BB0-4561-A246-5912EA3127CE}.Release-Console|Win32.ActiveCfg = Release|Win32
		{56591922-6BB0-4561-A246-5912EA3127CE}.Release-Console|Win32.Build.0 = Release|Win32
		{56591922-6BB0-4561-A246-5912EA3127CE}.Release-Console|x64.ActiveCfg = Release|Win32
	EndGlobalSection
	GlobalSection(SolutionProperties) = preSolution
		HideSolutionNode = FALSE
	EndGlobalSection
EndGlobal
